// !$*UTF8*$!
{
	archiveVersion = 1;
	classes = {
	};
	objectVersion = 46;
	objects = {

/* Begin PBXBuildFile section */
		910CB3E31CD1AF8A004916BD /* test.m in Sources */ = {isa = PBXBuildFile; fileRef = 910CB3E21CD1AF8A004916BD /* test.m */; };
		914C2B651C2E3C4A00B46995 /* main.m in Sources */ = {isa = PBXBuildFile; fileRef = 914C2B641C2E3C4A00B46995 /* main.m */; };
		914C2B681C2E3C4A00B46995 /* AppDelegate.m in Sources */ = {isa = PBXBuildFile; fileRef = 914C2B671C2E3C4A00B46995 /* AppDelegate.m */; };
		914C2B6B1C2E3C4A00B46995 /* ViewController.m in Sources */ = {isa = PBXBuildFile; fileRef = 914C2B6A1C2E3C4A00B46995 /* ViewController.m */; };
		914C2B6E1C2E3C4A00B46995 /* Main.storyboard in Resources */ = {isa = PBXBuildFile; fileRef = 914C2B6C1C2E3C4A00B46995 /* Main.storyboard */; };
		914C2B701C2E3C4A00B46995 /* Assets.xcassets in Resources */ = {isa = PBXBuildFile; fileRef = 914C2B6F1C2E3C4A00B46995 /* Assets.xcassets */; };
		914C2B731C2E3C4A00B46995 /* LaunchScreen.storyboard in Resources */ = {isa = PBXBuildFile; fileRef = 914C2B711C2E3C4A00B46995 /* LaunchScreen.storyboard */; };
		914C2B7E1C2E3C4A00B46995 /* GitTestTests.m in Sources */ = {isa = PBXBuildFile; fileRef = 914C2B7D1C2E3C4A00B46995 /* GitTestTests.m */; };
		914C2B891C2E3C4A00B46995 /* GitTestUITests.m in Sources */ = {isa = PBXBuildFile; fileRef = 914C2B881C2E3C4A00B46995 /* GitTestUITests.m */; };
/* End PBXBuildFile section */

/* Begin PBXContainerItemProxy section */
		914C2B7A1C2E3C4A00B46995 /* PBXContainerItemProxy */ = {
			isa = PBXContainerItemProxy;
			containerPortal = 914C2B581C2E3C4A00B46995 /* Project object */;
			proxyType = 1;
			remoteGlobalIDString = 914C2B5F1C2E3C4A00B46995;
			remoteInfo = GitTest;
		};
		914C2B851C2E3C4A00B46995 /* PBXContainerItemProxy */ = {
			isa = PBXContainerItemProxy;
			containerPortal = 914C2B581C2E3C4A00B46995 /* Project object */;
			proxyType = 1;
			remoteGlobalIDString = 914C2B5F1C2E3C4A00B46995;
			remoteInfo = GitTest;
		};
/* End PBXContainerItemProxy section */

/* Begin PBXFileReference section */
		910CB3E11CD1AF8A004916BD /* test.h */ = {isa = PBXFileReference; fileEncoding = 4; lastKnownFileType = sourcecode.c.h; path = test.h; sourceTree = "<group>"; };
		910CB3E21CD1AF8A004916BD /* test.m */ = {isa = PBXFileReference; fileEncoding = 4; lastKnownFileType = sourcecode.c.objc; path = test.m; sourceTree = "<group>"; };
		914C2B601C2E3C4A00B46995 /* GitTest.app */ = {isa = PBXFileReference; explicitFileType = wrapper.application; includeInIndex = 0; path = GitTest.app; sourceTree = BUILT_PRODUCTS_DIR; };
		914C2B641C2E3C4A00B46995 /* main.m */ = {isa = PBXFileReference; lastKnownFileType = sourcecode.c.objc; path = main.m; sourceTree = "<group>"; };
		914C2B661C2E3C4A00B46995 /* AppDelegate.h */ = {isa = PBXFileReference; lastKnownFileType = sourcecode.c.h; path = AppDelegate.h; sourceTree = "<group>"; };
		914C2B671C2E3C4A00B46995 /* AppDelegate.m */ = {isa = PBXFileReference; lastKnownFileType = sourcecode.c.objc; path = AppDelegate.m; sourceTree = "<group>"; };
		914C2B691C2E3C4A00B46995 /* ViewController.h */ = {isa = PBXFileReference; lastKnownFileType = sourcecode.c.h; path = ViewController.h; sourceTree = "<group>"; };
		914C2B6A1C2E3C4A00B46995 /* ViewController.m */ = {isa = PBXFileReference; lastKnownFileType = sourcecode.c.objc; path = ViewController.m; sourceTree = "<group>"; };
		914C2B6D1C2E3C4A00B46995 /* Base */ = {isa = PBXFileReference; lastKnownFileType = file.storyboard; name = Base; path = Base.lproj/Main.storyboard; sourceTree = "<group>"; };
		914C2B6F1C2E3C4A00B46995 /* Assets.xcassets */ = {isa = PBXFileReference; lastKnownFileType = folder.assetcatalog; path = Assets.xcassets; sourceTree = "<group>"; };
		914C2B721C2E3C4A00B46995 /* Base */ = {isa = PBXFileReference; lastKnownFileType = file.storyboard; name = Base; path = Base.lproj/LaunchScreen.storyboard; sourceTree = "<group>"; };
		914C2B741C2E3C4A00B46995 /* Info.plist */ = {isa = PBXFileReference; lastKnownFileType = text.plist.xml; path = Info.plist; sourceTree = "<group>"; };
		914C2B791C2E3C4A00B46995 /* GitTestTests.xctest */ = {isa = PBXFileReference; explicitFileType = wrapper.cfbundle; includeInIndex = 0; path = GitTestTests.xctest; sourceTree = BUILT_PRODUCTS_DIR; };
		914C2B7D1C2E3C4A00B46995 /* GitTestTests.m */ = {isa = PBXFileReference; lastKnownFileType = sourcecode.c.objc; path = GitTestTests.m; sourceTree = "<group>"; };
		914C2B7F1C2E3C4A00B46995 /* Info.plist */ = {isa = PBXFileReference; lastKnownFileType = text.plist.xml; path = Info.plist; sourceTree = "<group>"; };
		914C2B841C2E3C4A00B46995 /* GitTestUITests.xctest */ = {isa = PBXFileReference; explicitFileType = wrapper.cfbundle; includeInIndex = 0; path = GitTestUITests.xctest; sourceTree = BUILT_PRODUCTS_DIR; };
		914C2B881C2E3C4A00B46995 /* GitTestUITests.m */ = {isa = PBXFileReference; lastKnownFileType = sourcecode.c.objc; path = GitTestUITests.m; sourceTree = "<group>"; };
		914C2B8A1C2E3C4A00B46995 /* Info.plist */ = {isa = PBXFileReference; lastKnownFileType = text.plist.xml; path = Info.plist; sourceTree = "<group>"; };
/* End PBXFileReference section */

/* Begin PBXFrameworksBuildPhase section */
		914C2B5D1C2E3C4A00B46995 /* Frameworks */ = {
			isa = PBXFrameworksBuildPhase;
			buildActionMask = 2147483647;
			files = (
			);
			runOnlyForDeploymentPostprocessing = 0;
		};
		914C2B761C2E3C4A00B46995 /* Frameworks */ = {
			isa = PBXFrameworksBuildPhase;
			buildActionMask = 2147483647;
			files = (
			);
			runOnlyForDeploymentPostprocessing = 0;
		};
		914C2B811C2E3C4A00B46995 /* Frameworks */ = {
			isa = PBXFrameworksBuildPhase;
			buildActionMask = 2147483647;
			files = (
			);
			runOnlyForDeploymentPostprocessing = 0;
		};
/* End PBXFrameworksBuildPhase section */

/* Begin PBXGroup section */
		914C2B571C2E3C4A00B46995 = {
			isa = PBXGroup;
			children = (
				914C2B621C2E3C4A00B46995 /* GitTest */,
				914C2B7C1C2E3C4A00B46995 /* GitTestTests */,
				914C2B871C2E3C4A00B46995 /* GitTestUITests */,
				914C2B611C2E3C4A00B46995 /* Products */,
			);
			sourceTree = "<group>";
		};
		914C2B611C2E3C4A00B46995 /* Products */ = {
			isa = PBXGroup;
			children = (
				914C2B601C2E3C4A00B46995 /* GitTest.app */,
				914C2B791C2E3C4A00B46995 /* GitTestTests.xctest */,
				914C2B841C2E3C4A00B46995 /* GitTestUITests.xctest */,
			);
			name = Products;
			sourceTree = "<group>";
		};
		914C2B621C2E3C4A00B46995 /* GitTest */ = {
			isa = PBXGroup;
			children = (
				914C2B661C2E3C4A00B46995 /* AppDelegate.h */,
				914C2B671C2E3C4A00B46995 /* AppDelegate.m */,
				914C2B691C2E3C4A00B46995 /* ViewController.h */,
				914C2B6A1C2E3C4A00B46995 /* ViewController.m */,
				914C2B6C1C2E3C4A00B46995 /* Main.storyboard */,
				914C2B6F1C2E3C4A00B46995 /* Assets.xcassets */,
				914C2B711C2E3C4A00B46995 /* LaunchScreen.storyboard */,
				914C2B741C2E3C4A00B46995 /* Info.plist */,
				914C2B631C2E3C4A00B46995 /* Supporting Files */,
				910CB3E11CD1AF8A004916BD /* test.h */,
				910CB3E21CD1AF8A004916BD /* test.m */,
			);
			path = GitTest;
			sourceTree = "<group>";
		};
		914C2B631C2E3C4A00B46995 /* Supporting Files */ = {
			isa = PBXGroup;
			children = (
				914C2B641C2E3C4A00B46995 /* main.m */,
			);
			name = "Supporting Files";
			sourceTree = "<group>";
		};
		914C2B7C1C2E3C4A00B46995 /* GitTestTests */ = {
			isa = PBXGroup;
			children = (
				914C2B7D1C2E3C4A00B46995 /* GitTestTests.m */,
				914C2B7F1C2E3C4A00B46995 /* Info.plist */,
			);
			path = GitTestTests;
			sourceTree = "<group>";
		};
		914C2B871C2E3C4A00B46995 /* GitTestUITests */ = {
			isa = PBXGroup;
			children = (
				914C2B881C2E3C4A00B46995 /* GitTestUITests.m */,
				914C2B8A1C2E3C4A00B46995 /* Info.plist */,
			);
			path = GitTestUITests;
			sourceTree = "<group>";
		};
/* End PBXGroup section */

/* Begin PBXNativeTarget section */
		914C2B5F1C2E3C4A00B46995 /* GitTest */ = {
			isa = PBXNativeTarget;
			buildConfigurationList = 914C2B8D1C2E3C4A00B46995 /* Build configuration list for PBXNativeTarget "GitTest" */;
			buildPhases = (
				914C2B5C1C2E3C4A00B46995 /* Sources */,
				914C2B5D1C2E3C4A00B46995 /* Frameworks */,
				914C2B5E1C2E3C4A00B46995 /* Resources */,
			);
			buildRules = (
			);
			dependencies = (
			);
			name = GitTest;
			productName = GitTest;
			productReference = 914C2B601C2E3C4A00B46995 /* GitTest.app */;
			productType = "com.apple.product-type.application";
		};
		914C2B781C2E3C4A00B46995 /* GitTestTests */ = {
			isa = PBXNativeTarget;
			buildConfigurationList = 914C2B901C2E3C4A00B46995 /* Build configuration list for PBXNativeTarget "GitTestTests" */;
			buildPhases = (
				914C2B751C2E3C4A00B46995 /* Sources */,
				914C2B761C2E3C4A00B46995 /* Frameworks */,
				914C2B771C2E3C4A00B46995 /* Resources */,
			);
			buildRules = (
			);
			dependencies = (
				914C2B7B1C2E3C4A00B46995 /* PBXTargetDependency */,
			);
			name = GitTestTests;
			productName = GitTestTests;
			productReference = 914C2B791C2E3C4A00B46995 /* GitTestTests.xctest */;
			productType = "com.apple.product-type.bundle.unit-test";
		};
		914C2B831C2E3C4A00B46995 /* GitTestUITests */ = {
			isa = PBXNativeTarget;
			buildConfigurationList = 914C2B931C2E3C4A00B46995 /* Build configuration list for PBXNativeTarget "GitTestUITests" */;
			buildPhases = (
				914C2B801C2E3C4A00B46995 /* Sources */,
				914C2B811C2E3C4A00B46995 /* Frameworks */,
				914C2B821C2E3C4A00B46995 /* Resources */,
			);
			buildRules = (
			);
			dependencies = (
				914C2B861C2E3C4A00B46995 /* PBXTargetDependency */,
			);
			name = GitTestUITests;
			productName = GitTestUITests;
			productReference = 914C2B841C2E3C4A00B46995 /* GitTestUITests.xctest */;
			productType = "com.apple.product-type.bundle.ui-testing";
		};
/* End PBXNativeTarget section */

/* Begin PBXProject section */
		914C2B581C2E3C4A00B46995 /* Project object */ = {
			isa = PBXProject;
			attributes = {
				LastUpgradeCheck = 0720;
				ORGANIZATIONNAME = ArtronImages;
				TargetAttributes = {
					914C2B5F1C2E3C4A00B46995 = {
						CreatedOnToolsVersion = 7.2;
					};
					914C2B781C2E3C4A00B46995 = {
						CreatedOnToolsVersion = 7.2;
						TestTargetID = 914C2B5F1C2E3C4A00B46995;
					};
					914C2B831C2E3C4A00B46995 = {
						CreatedOnToolsVersion = 7.2;
						TestTargetID = 914C2B5F1C2E3C4A00B46995;
					};
				};
			};
			buildConfigurationList = 914C2B5B1C2E3C4A00B46995 /* Build configuration list for PBXProject "GitTest" */;
			compatibilityVersion = "Xcode 3.2";
			developmentRegion = English;
			hasScannedForEncodings = 0;
			knownRegions = (
				en,
				Base,
			);
			mainGroup = 914C2B571C2E3C4A00B46995;
			productRefGroup = 914C2B611C2E3C4A00B46995 /* Products */;
			projectDirPath = "";
			projectRoot = "";
			targets = (
				914C2B5F1C2E3C4A00B46995 /* GitTest */,
				914C2B781C2E3C4A00B46995 /* GitTestTests */,
				914C2B831C2E3C4A00B46995 /* GitTestUITests */,
			);
		};
/* End PBXProject section */

/* Begin PBXResourcesBuildPhase section */
		914C2B5E1C2E3C4A00B46995 /* Resources */ = {
			isa = PBXResourcesBuildPhase;
			buildActionMask = 2147483647;
			files = (
				914C2B731C2E3C4A00B46995 /* LaunchScreen.storyboard in Resources */,
				914C2B701C2E3C4A00B46995 /* Assets.xcassets in Resources */,
				914C2B6E1C2E3C4A00B46995 /* Main.storyboard in Resources */,
			);
			runOnlyForDeploymentPostprocessing = 0;
		};
		914C2B771C2E3C4A00B46995 /* Resources */ = {
			isa = PBXResourcesBuildPhase;
			buildActionMask = 2147483647;
			files = (
			);
			runOnlyForDeploymentPostprocessing = 0;
		};
		914C2B821C2E3C4A00B46995 /* Resources */ = {
			isa = PBXResourcesBuildPhase;
			buildActionMask = 2147483647;
			files = (
			);
			runOnlyForDeploymentPostprocessing = 0;
		};
/* End PBXResourcesBuildPhase section */

/* Begin PBXSourcesBuildPhase section */
		914C2B5C1C2E3C4A00B46995 /* Sources */ = {
			isa = PBXSourcesBuildPhase;
			buildActionMask = 2147483647;
			files = (
				914C2B6B1C2E3C4A00B46995 /* ViewController.m in Sources */,
				910CB3E31CD1AF8A004916BD /* test.m in Sources */,
				914C2B681C2E3C4A00B46995 /* AppDelegate.m in Sources */,
				914C2B651C2E3C4A00B46995 /* main.m in Sources */,
			);
			runOnlyForDeploymentPostprocessing = 0;
		};
		914C2B751C2E3C4A00B46995 /* Sources */ = {
			isa = PBXSourcesBuildPhase;
			buildActionMask = 2147483647;
			files = (
				914C2B7E1C2E3C4A00B46995 /* GitTestTests.m in Sources */,
			);
			runOnlyForDeploymentPostprocessing = 0;
		};
		914C2B801C2E3C4A00B46995 /* Sources */ = {
			isa = PBXSourcesBuildPhase;
			buildActionMask = 2147483647;
			files = (
				914C2B891C2E3C4A00B46995 /* GitTestUITests.m in Sources */,
			);
			runOnlyForDeploymentPostprocessing = 0;
		};
/* End PBXSourcesBuildPhase section */

/* Begin PBXTargetDependency section */
		914C2B7B1C2E3C4A00B46995 /* PBXTargetDependency */ = {
			isa = PBXTargetDependency;
			target = 914C2B5F1C2E3C4A00B46995 /* GitTest */;
			targetProxy = 914C2B7A1C2E3C4A00B46995 /* PBXContainerItemProxy */;
		};
		914C2B861C2E3C4A00B46995 /* PBXTargetDependency */ = {
			isa = PBXTargetDependency;
			target = 914C2B5F1C2E3C4A00B46995 /* GitTest */;
			targetProxy = 914C2B851C2E3C4A00B46995 /* PBXContainerItemProxy */;
		};
/* End PBXTargetDependency section */

/* Begin PBXVariantGroup section */
		914C2B6C1C2E3C4A00B46995 /* Main.storyboard */ = {
			isa = PBXVariantGroup;
			children = (
				914C2B6D1C2E3C4A00B46995 /* Base */,
			);
			name = Main.storyboard;
			sourceTree = "<group>";
		};
		914C2B711C2E3C4A00B46995 /* LaunchScreen.storyboard */ = {
			isa = PBXVariantGroup;
			children = (
				914C2B721C2E3C4A00B46995 /* Base */,
			);
			name = LaunchScreen.storyboard;
			sourceTree = "<group>";
		};
/* End PBXVariantGroup section */

/* Begin XCBuildConfiguration section */
		914C2B8B1C2E3C4A00B46995 /* Debug */ = {
			isa = XCBuildConfiguration;
			buildSettings = {
				ALWAYS_SEARCH_USER_PATHS = NO;
				CLANG_CXX_LANGUAGE_STANDARD = "gnu++0x";
				CLANG_CXX_LIBRARY = "libc++";
				CLANG_ENABLE_MODULES = YES;
				CLANG_ENABLE_OBJC_ARC = YES;
				CLANG_WARN_BOOL_CONVERSION = YES;
				CLANG_WARN_CONSTANT_CONVERSION = YES;
				CLANG_WARN_DIRECT_OBJC_ISA_USAGE = YES_ERROR;
				CLANG_WARN_EMPTY_BODY = YES;
				CLANG_WARN_ENUM_CONVERSION = YES;
				CLANG_WARN_INT_CONVERSION = YES;
				CLANG_WARN_OBJC_ROOT_CLASS = YES_ERROR;
				CLANG_WARN_UNREACHABLE_CODE = YES;
				CLANG_WARN__DUPLICATE_METHOD_MATCH = YES;
				"CODE_SIGN_IDENTITY[sdk=iphoneos*]" = "iPhone Developer";
				COPY_PHASE_STRIP = NO;
				DEBUG_INFORMATION_FORMAT = dwarf;
				ENABLE_STRICT_OBJC_MSGSEND = YES;
				ENABLE_TESTABILITY = YES;
				GCC_C_LANGUAGE_STANDARD = gnu99;
				GCC_DYNAMIC_NO_PIC = NO;
				GCC_NO_COMMON_BLOCKS = YES;
				GCC_OPTIMIZATION_LEVEL = 0;
				GCC_PREPROCESSOR_DEFINITIONS = (
					"DEBUG=1",
					"$(inherited)",
				);
				GCC_WARN_64_TO_32_BIT_CONVERSION = YES;
				GCC_WARN_ABOUT_RETURN_TYPE = YES_ERROR;
				GCC_WARN_UNDECLARED_SELECTOR = YES;
				GCC_WARN_UNINITIALIZED_AUTOS = YES_AGGRESSIVE;
				GCC_WARN_UNUSED_FUNCTION = YES;
				GCC_WARN_UNUSED_VARIABLE = YES;
				IPHONEOS_DEPLOYMENT_TARGET = 9.2;
				MTL_ENABLE_DEBUG_INFO = YES;
				ONLY_ACTIVE_ARCH = YES;
				SDKROOT = iphoneos;
				TARGETED_DEVICE_FAMILY = "1,2";
			};
			name = Debug;
		};
		914C2B8C1C2E3C4A00B46995 /* Release */ = {
			isa = XCBuildConfiguration;
			buildSettings = {
				ALWAYS_SEARCH_USER_PATHS = NO;
				CLANG_CXX_LANGUAGE_STANDARD = "gnu++0x";
				CLANG_CXX_LIBRARY = "libc++";
				CLANG_ENABLE_MODULES = YES;
				CLANG_ENABLE_OBJC_ARC = YES;
				CLANG_WARN_BOOL_CONVERSION = YES;
				CLANG_WARN_CONSTANT_CONVERSION = YES;
				CLANG_WARN_DIRECT_OBJC_ISA_USAGE = YES_ERROR;
				CLANG_WARN_EMPTY_BODY = YES;
				CLANG_WARN_ENUM_CONVERSION = YES;
				CLANG_WARN_INT_CONVERSION = YES;
				CLANG_WARN_OBJC_ROOT_CLASS = YES_ERROR;
				CLANG_WARN_UNREACHABLE_CODE = YES;
				CLANG_WARN__DUPLICATE_METHOD_MATCH = YES;
				"CODE_SIGN_IDENTITY[sdk=iphoneos*]" = "iPhone Developer";
				COPY_PHASE_STRIP = NO;
				DEBUG_INFORMATION_FORMAT = "dwarf-with-dsym";
				ENABLE_NS_ASSERTIONS = NO;
				ENABLE_STRICT_OBJC_MSGSEND = YES;
				GCC_C_LANGUAGE_STANDARD = gnu99;
				GCC_NO_COMMON_BLOCKS = YES;
				GCC_WARN_64_TO_32_BIT_CONVERSION = YES;
				GCC_WARN_ABOUT_RETURN_TYPE = YES_ERROR;
				GCC_WARN_UNDECLARED_SELECTOR = YES;
				GCC_WARN_UNINITIALIZED_AUTOS = YES_AGGRESSIVE;
				GCC_WARN_UNUSED_FUNCTION = YES;
				GCC_WARN_UNUSED_VARIABLE = YES;
				IPHONEOS_DEPLOYMENT_TARGET = 9.2;
				MTL_ENABLE_DEBUG_INFO = NO;
				SDKROOT = iphoneos;
				TARGETED_DEVICE_FAMILY = "1,2";
				VALIDATE_PRODUCT = YES;
			};
			name = Release;
		};
		914C2B8E1C2E3C4A00B46995 /* Debug */ = {
			isa = XCBuildConfiguration;
			buildSettings = {
				ASSETCATALOG_COMPILER_APPICON_NAME = AppIcon;
				INFOPLIST_FILE = GitTest/Info.plist;
				LD_RUNPATH_SEARCH_PATHS = "$(inherited) @executable_path/Frameworks";
				PRODUCT_BUNDLE_IDENTIFIER = com.artronimages.www.GitTest;
				PRODUCT_NAME = "$(TARGET_NAME)";
			};
			name = Debug;
		};
		914C2B8F1C2E3C4A00B46995 /* Release */ = {
			isa = XCBuildConfiguration;
			buildSettings = {
				ASSETCATALOG_COMPILER_APPICON_NAME = AppIcon;
				INFOPLIST_FILE = GitTest/Info.plist;
				LD_RUNPATH_SEARCH_PATHS = "$(inherited) @executable_path/Frameworks";
				PRODUCT_BUNDLE_IDENTIFIER = com.artronimages.www.GitTest;
				PRODUCT_NAME = "$(TARGET_NAME)";
			};
			name = Release;
		};
		914C2B911C2E3C4A00B46995 /* Debug */ = {
			isa = XCBuildConfiguration;
			buildSettings = {
				BUNDLE_LOADER = "$(TEST_HOST)";
				INFOPLIST_FILE = GitTestTests/Info.plist;
				LD_RUNPATH_SEARCH_PATHS = "$(inherited) @executable_path/Frameworks @loader_path/Frameworks";
				PRODUCT_BUNDLE_IDENTIFIER = com.artronimages.www.GitTestTests;
				PRODUCT_NAME = "$(TARGET_NAME)";
				TEST_HOST = "$(BUILT_PRODUCTS_DIR)/GitTest.app/GitTest";
			};
			name = Debug;
		};
		914C2B921C2E3C4A00B46995 /* Release */ = {
			isa = XCBuildConfiguration;
			buildSettings = {
				BUNDLE_LOADER = "$(TEST_HOST)";
				INFOPLIST_FILE = GitTestTests/Info.plist;
				LD_RUNPATH_SEARCH_PATHS = "$(inherited) @executable_path/Frameworks @loader_path/Frameworks";
				PRODUCT_BUNDLE_IDENTIFIER = com.artronimages.www.GitTestTests;
				PRODUCT_NAME = "$(TARGET_NAME)";
				TEST_HOST = "$(BUILT_PRODUCTS_DIR)/GitTest.app/GitTest";
			};
			name = Release;
		};
		914C2B941C2E3C4A00B46995 /* Debug */ = {
			isa = XCBuildConfiguration;
			buildSettings = {
				INFOPLIST_FILE = GitTestUITests/Info.plist;
				LD_RUNPATH_SEARCH_PATHS = "$(inherited) @executable_path/Frameworks @loader_path/Frameworks";
				PRODUCT_BUNDLE_IDENTIFIER = com.artronimages.www.GitTestUITests;
				PRODUCT_NAME = "$(TARGET_NAME)";
				TEST_TARGET_NAME = GitTest;
				USES_XCTRUNNER = YES;
			};
			name = Debug;
		};
		914C2B951C2E3C4A00B46995 /* Release */ = {
			isa = XCBuildConfiguration;
			buildSettings = {
				INFOPLIST_FILE = GitTestUITests/Info.plist;
				LD_RUNPATH_SEARCH_PATHS = "$(inherited) @executable_path/Frameworks @loader_path/Frameworks";
				PRODUCT_BUNDLE_IDENTIFIER = com.artronimages.www.GitTestUITests;
				PRODUCT_NAME = "$(TARGET_NAME)";
				TEST_TARGET_NAME = GitTest;
				USES_XCTRUNNER = YES;
			};
			name = Release;
		};
/* End XCBuildConfiguration section */

/* Begin XCConfigurationList section */
		914C2B5B1C2E3C4A00B46995 /* Build configuration list for PBXProject "GitTest" */ = {
			isa = XCConfigurationList;
			buildConfigurations = (
				914C2B8B1C2E3C4A00B46995 /* Debug */,
				914C2B8C1C2E3C4A00B46995 /* Release */,
			);
			defaultConfigurationIsVisible = 0;
			defaultConfigurationName = Release;
		};
		914C2B8D1C2E3C4A00B46995 /* Build configuration list for PBXNativeTarget "GitTest" */ = {
			isa = XCConfigurationList;
			buildConfigurations = (
				914C2B8E1C2E3C4A00B46995 /* Debug */,
				914C2B8F1C2E3C4A00B46995 /* Release */,
			);
			defaultConfigurationIsVisible = 0;
			defaultConfigurationName = Release;
		};
		914C2B901C2E3C4A00B46995 /* Build configuration list for PBXNativeTarget "GitTestTests" */ = {
			isa = XCConfigurationList;
			buildConfigurations = (
				914C2B911C2E3C4A00B46995 /* Debug */,
				914C2B921C2E3C4A00B46995 /* Release */,
			);
			defaultConfigurationIsVisible = 0;
			defaultConfigurationName = Release;
		};
		914C2B931C2E3C4A00B46995 /* Build configuration list for PBXNativeTarget "GitTestUITests" */ = {
			isa = XCConfigurationList;
			buildConfigurations = (
				914C2B941C2E3C4A00B46995 /* Debug */,
				914C2B951C2E3C4A00B46995 /* Release */,
			);
			defaultConfigurationIsVisible = 0;
			defaultConfigurationName = Release;
		};
/* End XCConfigurationList section */
	};
	rootObject = 914C2B581C2E3C4A00B46995 /* Project object */;
}
